{
  "nodes": {
    "nixpkgs": {
      "flake": false,
      "locked": {
        "lastModified": 1558254092,
        "narHash": "sha256-5v6XuO9dOVpB3ZGNyDvLqOvCnzlyyvscTYbNiQouSZo=",
        "owner": "NixOS",
        "repo": "nixpkgs",
        "rev": "a7e559a5504572008567383c3dc8e142fa7a8633",
        "type": "github"
      },
      "original": {
        "owner": "NixOS",
        "ref": "nixos-18.09",
        "repo": "nixpkgs",
        "type": "github"
      }
    },
    "root": {
      "inputs": {
        "nixpkgs": "nixpkgs"
      }
    }
  },
  "root": "root",
  "version": 7
}
